{
  "name": "pi-nexus",
  "version": "0.0.0",
  "lockfileVersion": 3,
  "requires": true,
  "packages": {
    "": {
      "name": "pi-nexus",
      "version": "0.0.0",
      "workspaces": [
        "packages/*"
      ],
      "engines": {
        "node": ">=24.0.0"
      }
    },
    "node_modules/@juicesharp/rpiv-ask-user-question": {
      "version": "1.0.18",
      "resolved": "https://registry.npmjs.org/@juicesharp/rpiv-ask-user-question/-/rpiv-ask-user-question-1.0.18.tgz",
      "integrity": "sha512-82G00i7s1M0yfWryLIzuC0HdbJehC2GBtXtZ8YIM8pg0WZmCEIkZrFTr+Prw093sm4C1hmjSzyreZHbxwD2KXA==",
      "license": "MIT",
      "peerDependencies": {
        "@mariozechner/pi-coding-agent": "*",
        "@mariozechner/pi-tui": "*",
        "typebox": "*"
      }
    },
    "node_modules/@juicesharp/rpiv-todo": {
      "version": "0.12.7",
      "resolved": "https://registry.npmjs.org/@juicesharp/rpiv-todo/-/rpiv-todo-0.12.7.tgz",
      "integrity": "sha512-7hN+sudPsny1A7X+bNj0hhA0Lwitvl7M3J5tB7cBL7smw2Ro8De5cDCdb9rlk27RDHqxSqzuXHuVQto6RqsrPQ==",
      "license": "MIT",
      "peerDependencies": {
        "@mariozechner/pi-ai": "*",
        "@mariozechner/pi-coding-agent": "*",
        "@mariozechner/pi-tui": "*",
        "@sinclair/typebox": "*"
      }
    },
    "node_modules/@sentiolabs/pi-arc": {
      "resolved": "packages/pi-arc",
      "link": true
    },
    "node_modules/@sentiolabs/pi-frontend-design": {
      "resolved": "packages/pi-frontend-design",
      "link": true
    },
    "node_modules/pi-subagents": {
      "version": "0.23.1",
      "resolved": "https://registry.npmjs.org/pi-subagents/-/pi-subagents-0.23.1.tgz",
      "integrity": "sha512-EYMW6BL/v00kHzmeA2QEFIUER2iD9FqI/ZqEuZFQNneN21R0TTXuvzOFAhwbOEnfTkkzd9ZSmQHmHB+ilKaNug==",
      "license": "MIT",
      "dependencies": {
        "typebox": "^1.1.24"
      },
      "bin": {
        "pi-subagents": "install.mjs"
      },
      "peerDependencies": {
        "@mariozechner/pi-agent-core": "*",
        "@mariozechner/pi-ai": "*",
        "@mariozechner/pi-coding-agent": "*",
        "@mariozechner/pi-tui": "*"
      },
      "peerDependenciesMeta": {
        "@mariozechner/pi-agent-core": {
          "optional": true
        },
        "@mariozechner/pi-ai": {
          "optional": true
        },
        "@mariozechner/pi-coding-agent": {
          "optional": true
        },
        "@mariozechner/pi-tui": {
          "optional": true
        }
      }
    },
    "node_modules/typebox": {
      "version": "1.1.37",
      "resolved": "https://registry.npmjs.org/typebox/-/typebox-1.1.37.tgz",
      "integrity": "sha512-jb7jp6KvOvvy5sd+11AfJ0/e0F0AS9RcOXd55oGi2ZnRHIGmFvrTaNF+ZidRmGBmmNTkM5KKl0Z37KzxJ+owEQ==",
      "license": "MIT"
    },
    "packages/pi-arc": {
      "name": "@sentiolabs/pi-arc",
      "version": "0.7.0",
      "bundleDependencies": [
        "@juicesharp/rpiv-todo",
        "@juicesharp/rpiv-ask-user-question",
        "pi-subagents"
      ],
      "license": "MIT",
      "dependencies": {
        "@juicesharp/rpiv-ask-user-question": "^1.0.14",
        "@juicesharp/rpiv-todo": "^0.12.5",
        "pi-subagents": "^0.23.0"
      },
      "engines": {
        "node": ">=24.0.0"
      },
      "peerDependencies": {
        "@mariozechner/pi-ai": "*",
        "@mariozechner/pi-coding-agent": "*",
        "@mariozechner/pi-tui": "*",
        "typebox": "*"
      },
      "peerDependenciesMeta": {
        "@mariozechner/pi-ai": {
          "optional": true
        },
        "@mariozechner/pi-coding-agent": {
          "optional": true
        },
        "@mariozechner/pi-tui": {
          "optional": true
        },
        "typebox": {
          "optional": true
        }
      }
    },
    "packages/pi-frontend-design": {
      "name": "@sentiolabs/pi-frontend-design",
      "version": "0.1.0",
      "license": "Apache-2.0",
      "engines": {
        "node": ">=24.0.0"
      }
    }
  }
}
